
Microsoft Visual Studio Solution File, Format Version 12.00
# Visual Studio 15
VisualStudioVersion = 15.0.28010.2026
MinimumVisualStudioVersion = 10.0.40219.1
Project("{FAE04EC0-301F-11D3-BF4B-00C04F79EFBC}") = "Project E", "Project E\Project E.csproj", "{9F131818-1D8A-4129-9E89-BD17A80BE9AA}"
EndProject
Project("{FAE04EC0-301F-11D3-BF4B-00C04F79EFBC}") = "ProblemTests", "..\ProblemTests\ProblemTests.csproj", "{D5BCD376-752E-4ADC-B11B-C30188D1D569}"
EndProject
Global
	GlobalSection(SolutionConfigurationPlatforms) = preSolution
		Debug|Any CPU = Debug|Any CPU
		Release|Any CPU = Release|Any CPU
	EndGlobalSection
	GlobalSection(ProjectConfigurationPlatforms) = postSolution
		{9F131818-1D8A-4129-9E89-BD17A80BE9AA}.Debug|Any CPU.ActiveCfg = Debug|Any CPU
		{9F131818-1D8A-4129-9E89-BD17A80BE9AA}.Debug|Any CPU.Build.0 = Debug|Any CPU
		{9F131818-1D8A-4129-9E89-BD17A80BE9AA}.Release|Any CPU.ActiveCfg = Release|Any CPU
		{9F131818-1D8A-4129-9E89-BD17A80BE9AA}.Release|Any CPU.Build.0 = Release|Any CPU
		{D5BCD376-752E-4ADC-B11B-C30188D1D569}.Debug|Any CPU.ActiveCfg = Debug|Any CPU
		{D5BCD376-752E-4ADC-B11B-C30188D1D569}.Debug|Any CPU.Build.0 = Debug|Any CPU
		{D5BCD376-752E-4ADC-B11B-C30188D1D569}.Release|Any CPU.ActiveCfg = Release|Any CPU
		{D5BCD376-752E-4ADC-B11B-C30188D1D569}.Release|Any CPU.Build.0 = Release|Any CPU
	EndGlobalSection
	GlobalSection(SolutionProperties) = preSolution
		HideSolutionNode = FALSE
	EndGlobalSection
	GlobalSection(ExtensibilityGlobals) = postSolution
		SolutionGuid = {B99B0288-748B-4FEE-B859-226C7ED402CD}
	EndGlobalSection
EndGlobal
